// !$*UTF8*$!
{
	archiveVersion = 1;
	classes = {
	};
	objectVersion = 48;
	objects = {

/* Begin PBXBuildFile section */
		8639692C1F441E50001D4E63 /* BannerViewController.m in Sources */ = {isa = PBXBuildFile; fileRef = 865736051F25EAA900089A96 /* BannerViewController.m */; };
		8639692D1F441E55001D4E63 /* CustomView.m in Sources */ = {isa = PBXBuildFile; fileRef = 865736041F25EAA900089A96 /* CustomView.m */; };
		863969311F441E8F001D4E63 /* CustomView.xib in Resources */ = {isa = PBXBuildFile; fileRef = 865736031F25EAA900089A96 /* CustomView.xib */; };
		865735D21F25EA7900089A96 /* AppDelegate.m in Sources */ = {isa = PBXBuildFile; fileRef = 865735D11F25EA7900089A96 /* AppDelegate.m */; };
		865735D51F25EA7900089A96 /* ViewController.m in Sources */ = {isa = PBXBuildFile; fileRef = 865735D41F25EA7900089A96 /* ViewController.m */; };
		865735D81F25EA7900089A96 /* Main.storyboard in Resources */ = {isa = PBXBuildFile; fileRef = 865735D61F25EA7900089A96 /* Main.storyboard */; };
		865735DA1F25EA7900089A96 /* Assets.xcassets in Resources */ = {isa = PBXBuildFile; fileRef = 865735D91F25EA7900089A96 /* Assets.xcassets */; };
		865735DD1F25EA7900089A96 /* LaunchScreen.storyboard in Resources */ = {isa = PBXBuildFile; fileRef = 865735DB1F25EA7900089A96 /* LaunchScreen.storyboard */; };
		865735E01F25EA7A00089A96 /* main.m in Sources */ = {isa = PBXBuildFile; fileRef = 865735DF1F25EA7A00089A96 /* main.m */; };
		865735EA1F25EA7A00089A96 /* DemoTests.m in Sources */ = {isa = PBXBuildFile; fileRef = 865735E91F25EA7A00089A96 /* DemoTests.m */; };
		865735F51F25EA7A00089A96 /* DemoUITests.m in Sources */ = {isa = PBXBuildFile; fileRef = 865735F41F25EA7A00089A96 /* DemoUITests.m */; };
		C6BF17CBF3BA4A312629E2D3 /* libPods-Demo.a in Frameworks */ = {isa = PBXBuildFile; fileRef = D9CCE2492EA02036F81FD520 /* libPods-Demo.a */; };
/* End PBXBuildFile section */

/* Begin PBXContainerItemProxy section */
		865735E61F25EA7A00089A96 /* PBXContainerItemProxy */ = {
			isa = PBXContainerItemProxy;
			containerPortal = 865735C51F25EA7900089A96 /* Project object */;
			proxyType = 1;
			remoteGlobalIDString = 865735CC1F25EA7900089A96;
			remoteInfo = Demo;
		};
		865735F11F25EA7A00089A96 /* PBXContainerItemProxy */ = {
			isa = PBXContainerItemProxy;
			containerPortal = 865735C51F25EA7900089A96 /* Project object */;
			proxyType = 1;
			remoteGlobalIDString = 865735CC1F25EA7900089A96;
			remoteInfo = Demo;
		};
/* End PBXContainerItemProxy section */

/* Begin PBXFileReference section */
		553A53173E0CCF1F98670CE2 /* Pods-Demo.release.xcconfig */ = {isa = PBXFileReference; includeInIndex = 1; lastKnownFileType = text.xcconfig; name = "Pods-Demo.release.xcconfig"; path = "Pods/Target Support Files/Pods-Demo/Pods-Demo.release.xcconfig"; sourceTree = "<group>"; };
		58B393CFC0B272C823AD1014 /* Pods-Demo.debug.xcconfig */ = {isa = PBXFileReference; includeInIndex = 1; lastKnownFileType = text.xcconfig; name = "Pods-Demo.debug.xcconfig"; path = "Pods/Target Support Files/Pods-Demo/Pods-Demo.debug.xcconfig"; sourceTree = "<group>"; };
		865735CD1F25EA7900089A96 /* Demo.app */ = {isa = PBXFileReference; explicitFileType = wrapper.application; includeInIndex = 0; path = Demo.app; sourceTree = BUILT_PRODUCTS_DIR; };
		865735D01F25EA7900089A96 /* AppDelegate.h */ = {isa = PBXFileReference; lastKnownFileType = sourcecode.c.h; path = AppDelegate.h; sourceTree = "<group>"; };
		865735D11F25EA7900089A96 /* AppDelegate.m */ = {isa = PBXFileReference; lastKnownFileType = sourcecode.c.objc; path = AppDelegate.m; sourceTree = "<group>"; };
		865735D31F25EA7900089A96 /* ViewController.h */ = {isa = PBXFileReference; lastKnownFileType = sourcecode.c.h; path = ViewController.h; sourceTree = "<group>"; };
		865735D41F25EA7900089A96 /* ViewController.m */ = {isa = PBXFileReference; lastKnownFileType = sourcecode.c.objc; path = ViewController.m; sourceTree = "<group>"; };
		865735D71F25EA7900089A96 /* Base */ = {isa = PBXFileReference; lastKnownFileType = file.storyboard; name = Base; path = Base.lproj/Main.storyboard; sourceTree = "<group>"; };
		865735D91F25EA7900089A96 /* Assets.xcassets */ = {isa = PBXFileReference; lastKnownFileType = folder.assetcatalog; path = Assets.xcassets; sourceTree = "<group>"; };
		865735DC1F25EA7900089A96 /* Base */ = {isa = PBXFileReference; lastKnownFileType = file.storyboard; name = Base; path = Base.lproj/LaunchScreen.storyboard; sourceTree = "<group>"; };
		865735DE1F25EA7A00089A96 /* Info.plist */ = {isa = PBXFileReference; lastKnownFileType = text.plist.xml; path = Info.plist; sourceTree = "<group>"; };
		865735DF1F25EA7A00089A96 /* main.m */ = {isa = PBXFileReference; lastKnownFileType = sourcecode.c.objc; path = main.m; sourceTree = "<group>"; };
		865735E51F25EA7A00089A96 /* DemoTests.xctest */ = {isa = PBXFileReference; explicitFileType = wrapper.cfbundle; includeInIndex = 0; path = DemoTests.xctest; sourceTree = BUILT_PRODUCTS_DIR; };
		865735E91F25EA7A00089A96 /* DemoTests.m */ = {isa = PBXFileReference; lastKnownFileType = sourcecode.c.objc; path = DemoTests.m; sourceTree = "<group>"; };
		865735EB1F25EA7A00089A96 /* Info.plist */ = {isa = PBXFileReference; lastKnownFileType = text.plist.xml; path = Info.plist; sourceTree = "<group>"; };
		865735F01F25EA7A00089A96 /* DemoUITests.xctest */ = {isa = PBXFileReference; explicitFileType = wrapper.cfbundle; includeInIndex = 0; path = DemoUITests.xctest; sourceTree = BUILT_PRODUCTS_DIR; };
		865735F41F25EA7A00089A96 /* DemoUITests.m */ = {isa = PBXFileReference; lastKnownFileType = sourcecode.c.objc; path = DemoUITests.m; sourceTree = "<group>"; };
		865735F61F25EA7A00089A96 /* Info.plist */ = {isa = PBXFileReference; lastKnownFileType = text.plist.xml; path = Info.plist; sourceTree = "<group>"; };
		865736021F25EAA900089A96 /* CustomView.h */ = {isa = PBXFileReference; lastKnownFileType = sourcecode.c.h; path = CustomView.h; sourceTree = "<group>"; };
		865736031F25EAA900089A96 /* CustomView.xib */ = {isa = PBXFileReference; lastKnownFileType = file.xib; path = CustomView.xib; sourceTree = "<group>"; };
		865736041F25EAA900089A96 /* CustomView.m */ = {isa = PBXFileReference; lastKnownFileType = sourcecode.c.objc; path = CustomView.m; sourceTree = "<group>"; };
		865736051F25EAA900089A96 /* BannerViewController.m */ = {isa = PBXFileReference; lastKnownFileType = sourcecode.c.objc; path = BannerViewController.m; sourceTree = "<group>"; };
		865736111F25EAA900089A96 /* BannerViewController.h */ = {isa = PBXFileReference; lastKnownFileType = sourcecode.c.h; path = BannerViewController.h; sourceTree = "<group>"; };
		D9CCE2492EA02036F81FD520 /* libPods-Demo.a */ = {isa = PBXFileReference; explicitFileType = archive.ar; includeInIndex = 0; path = "libPods-Demo.a"; sourceTree = BUILT_PRODUCTS_DIR; };
/* End PBXFileReference section */

/* Begin PBXFrameworksBuildPhase section */
		865735CA1F25EA7900089A96 /* Frameworks */ = {
			isa = PBXFrameworksBuildPhase;
			buildActionMask = 2147483647;
			files = (
				C6BF17CBF3BA4A312629E2D3 /* libPods-Demo.a in Frameworks */,
			);
			runOnlyForDeploymentPostprocessing = 0;
		};
		865735E21F25EA7A00089A96 /* Frameworks */ = {
			isa = PBXFrameworksBuildPhase;
			buildActionMask = 2147483647;
			files = (
			);
			runOnlyForDeploymentPostprocessing = 0;
		};
		865735ED1F25EA7A00089A96 /* Frameworks */ = {
			isa = PBXFrameworksBuildPhase;
			buildActionMask = 2147483647;
			files = (
			);
			runOnlyForDeploymentPostprocessing = 0;
		};
/* End PBXFrameworksBuildPhase section */

/* Begin PBXGroup section */
		0CB0B8CE536CE38ACE84ECD5 /* Frameworks */ = {
			isa = PBXGroup;
			children = (
				D9CCE2492EA02036F81FD520 /* libPods-Demo.a */,
			);
			name = Frameworks;
			sourceTree = "<group>";
		};
		865735C41F25EA7900089A96 = {
			isa = PBXGroup;
			children = (
				865735CF1F25EA7900089A96 /* Demo */,
				865735E81F25EA7A00089A96 /* DemoTests */,
				865735F31F25EA7A00089A96 /* DemoUITests */,
				865735CE1F25EA7900089A96 /* Products */,
				992D351F6EB2185037D35826 /* Pods */,
				0CB0B8CE536CE38ACE84ECD5 /* Frameworks */,
			);
			sourceTree = "<group>";
		};
		865735CE1F25EA7900089A96 /* Products */ = {
			isa = PBXGroup;
			children = (
				865735CD1F25EA7900089A96 /* Demo.app */,
				865735E51F25EA7A00089A96 /* DemoTests.xctest */,
				865735F01F25EA7A00089A96 /* DemoUITests.xctest */,
			);
			name = Products;
			sourceTree = "<group>";
		};
		865735CF1F25EA7900089A96 /* Demo */ = {
			isa = PBXGroup;
			children = (
				865736111F25EAA900089A96 /* BannerViewController.h */,
				865736051F25EAA900089A96 /* BannerViewController.m */,
				865736021F25EAA900089A96 /* CustomView.h */,
				865736041F25EAA900089A96 /* CustomView.m */,
				865736031F25EAA900089A96 /* CustomView.xib */,
				865735D01F25EA7900089A96 /* AppDelegate.h */,
				865735D11F25EA7900089A96 /* AppDelegate.m */,
				865735D31F25EA7900089A96 /* ViewController.h */,
				865735D41F25EA7900089A96 /* ViewController.m */,
				865735D61F25EA7900089A96 /* Main.storyboard */,
				865735D91F25EA7900089A96 /* Assets.xcassets */,
				865735DB1F25EA7900089A96 /* LaunchScreen.storyboard */,
				865735DE1F25EA7A00089A96 /* Info.plist */,
				865735DF1F25EA7A00089A96 /* main.m */,
			);
			path = Demo;
			sourceTree = "<group>";
		};
		865735E81F25EA7A00089A96 /* DemoTests */ = {
			isa = PBXGroup;
			children = (
				865735E91F25EA7A00089A96 /* DemoTests.m */,
				865735EB1F25EA7A00089A96 /* Info.plist */,
			);
			path = DemoTests;
			sourceTree = "<group>";
		};
		865735F31F25EA7A00089A96 /* DemoUITests */ = {
			isa = PBXGroup;
			children = (
				865735F41F25EA7A00089A96 /* DemoUITests.m */,
				865735F61F25EA7A00089A96 /* Info.plist */,
			);
			path = DemoUITests;
			sourceTree = "<group>";
		};
		992D351F6EB2185037D35826 /* Pods */ = {
			isa = PBXGroup;
			children = (
				58B393CFC0B272C823AD1014 /* Pods-Demo.debug.xcconfig */,
				553A53173E0CCF1F98670CE2 /* Pods-Demo.release.xcconfig */,
			);
			name = Pods;
			sourceTree = "<group>";
		};
/* End PBXGroup section */

/* Begin PBXNativeTarget section */
		865735CC1F25EA7900089A96 /* Demo */ = {
			isa = PBXNativeTarget;
			buildConfigurationList = 865735F91F25EA7A00089A96 /* Build configuration list for PBXNativeTarget "Demo" */;
			buildPhases = (
				B89A2331B4B8E7F5B93FE338 /* [CP] Check Pods Manifest.lock */,
				865735C91F25EA7900089A96 /* Sources */,
				865735CA1F25EA7900089A96 /* Frameworks */,
				865735CB1F25EA7900089A96 /* Resources */,
				4B66B791E9DA0D759259E0EC /* [CP] Embed Pods Frameworks */,
				59F15EF2D8A1A9AB11BFA9F1 /* [CP] Copy Pods Resources */,
			);
			buildRules = (
			);
			dependencies = (
			);
			name = Demo;
			productName = Demo;
			productReference = 865735CD1F25EA7900089A96 /* Demo.app */;
			productType = "com.apple.product-type.application";
		};
		865735E41F25EA7A00089A96 /* DemoTests */ = {
			isa = PBXNativeTarget;
			buildConfigurationList = 865735FC1F25EA7A00089A96 /* Build configuration list for PBXNativeTarget "DemoTests" */;
			buildPhases = (
				865735E11F25EA7A00089A96 /* Sources */,
				865735E21F25EA7A00089A96 /* Frameworks */,
				865735E31F25EA7A00089A96 /* Resources */,
			);
			buildRules = (
			);
			dependencies = (
				865735E71F25EA7A00089A96 /* PBXTargetDependency */,
			);
			name = DemoTests;
			productName = DemoTests;
			productReference = 865735E51F25EA7A00089A96 /* DemoTests.xctest */;
			productType = "com.apple.product-type.bundle.unit-test";
		};
		865735EF1F25EA7A00089A96 /* DemoUITests */ = {
			isa = PBXNativeTarget;
			buildConfigurationList = 865735FF1F25EA7A00089A96 /* Build configuration list for PBXNativeTarget "DemoUITests" */;
			buildPhases = (
				865735EC1F25EA7A00089A96 /* Sources */,
				865735ED1F25EA7A00089A96 /* Frameworks */,
				865735EE1F25EA7A00089A96 /* Resources */,
			);
			buildRules = (
			);
			dependencies = (
				865735F21F25EA7A00089A96 /* PBXTargetDependency */,
			);
			name = DemoUITests;
			productName = DemoUITests;
			productReference = 865735F01F25EA7A00089A96 /* DemoUITests.xctest */;
			productType = "com.apple.product-type.bundle.ui-testing";
		};
/* End PBXNativeTarget section */

/* Begin PBXProject section */
		865735C51F25EA7900089A96 /* Project object */ = {
			isa = PBXProject;
			attributes = {
				LastUpgradeCheck = 0900;
				ORGANIZATIONNAME = piggybear;
				TargetAttributes = {
					865735CC1F25EA7900089A96 = {
						CreatedOnToolsVersion = 9.0;
					};
					865735E41F25EA7A00089A96 = {
						CreatedOnToolsVersion = 9.0;
						TestTargetID = 865735CC1F25EA7900089A96;
					};
					865735EF1F25EA7A00089A96 = {
						CreatedOnToolsVersion = 9.0;
						TestTargetID = 865735CC1F25EA7900089A96;
					};
				};
			};
			buildConfigurationList = 865735C81F25EA7900089A96 /* Build configuration list for PBXProject "Demo" */;
			compatibilityVersion = "Xcode 8.0";
			developmentRegion = en;
			hasScannedForEncodings = 0;
			knownRegions = (
				en,
				Base,
			);
			mainGroup = 865735C41F25EA7900089A96;
			productRefGroup = 865735CE1F25EA7900089A96 /* Products */;
			projectDirPath = "";
			projectRoot = "";
			targets = (
				865735CC1F25EA7900089A96 /* Demo */,
				865735E41F25EA7A00089A96 /* DemoTests */,
				865735EF1F25EA7A00089A96 /* DemoUITests */,
			);
		};
/* End PBXProject section */

/* Begin PBXResourcesBuildPhase section */
		865735CB1F25EA7900089A96 /* Resources */ = {
			isa = PBXResourcesBuildPhase;
			buildActionMask = 2147483647;
			files = (
				863969311F441E8F001D4E63 /* CustomView.xib in Resources */,
				865735DD1F25EA7900089A96 /* LaunchScreen.storyboard in Resources */,
				865735DA1F25EA7900089A96 /* Assets.xcassets in Resources */,
				865735D81F25EA7900089A96 /* Main.storyboard in Resources */,
			);
			runOnlyForDeploymentPostprocessing = 0;
		};
		865735E31F25EA7A00089A96 /* Resources */ = {
			isa = PBXResourcesBuildPhase;
			buildActionMask = 2147483647;
			files = (
			);
			runOnlyForDeploymentPostprocessing = 0;
		};
		865735EE1F25EA7A00089A96 /* Resources */ = {
			isa = PBXResourcesBuildPhase;
			buildActionMask = 2147483647;
			files = (
			);
			runOnlyForDeploymentPostprocessing = 0;
		};
/* End PBXResourcesBuildPhase section */

/* Begin PBXShellScriptBuildPhase section */
		4B66B791E9DA0D759259E0EC /* [CP] Embed Pods Frameworks */ = {
			isa = PBXShellScriptBuildPhase;
			buildActionMask = 2147483647;
			files = (
			);
			inputPaths = (
			);
			name = "[CP] Embed Pods Frameworks";
			outputPaths = (
			);
			runOnlyForDeploymentPostprocessing = 0;
			shellPath = /bin/sh;
			shellScript = "\"${SRCROOT}/Pods/Target Support Files/Pods-Demo/Pods-Demo-frameworks.sh\"\n";
			showEnvVarsInLog = 0;
		};
		59F15EF2D8A1A9AB11BFA9F1 /* [CP] Copy Pods Resources */ = {
			isa = PBXShellScriptBuildPhase;
			buildActionMask = 2147483647;
			files = (
			);
			inputPaths = (
			);
			name = "[CP] Copy Pods Resources";
			outputPaths = (
			);
			runOnlyForDeploymentPostprocessing = 0;
			shellPath = /bin/sh;
			shellScript = "\"${SRCROOT}/Pods/Target Support Files/Pods-Demo/Pods-Demo-resources.sh\"\n";
			showEnvVarsInLog = 0;
		};
		B89A2331B4B8E7F5B93FE338 /* [CP] Check Pods Manifest.lock */ = {
			isa = PBXShellScriptBuildPhase;
			buildActionMask = 2147483647;
			files = (
			);
			inputPaths = (
			);
			name = "[CP] Check Pods Manifest.lock";
			outputPaths = (
			);
			runOnlyForDeploymentPostprocessing = 0;
			shellPath = /bin/sh;
			shellScript = "diff \"${PODS_PODFILE_DIR_PATH}/Podfile.lock\" \"${PODS_ROOT}/Manifest.lock\" > /dev/null\nif [ $? != 0 ] ; then\n    # print error to STDERR\n    echo \"error: The sandbox is not in sync with the Podfile.lock. Run 'pod install' or update your CocoaPods installation.\" >&2\n    exit 1\nfi\n";
			showEnvVarsInLog = 0;
		};
/* End PBXShellScriptBuildPhase section */

/* Begin PBXSourcesBuildPhase section */
		865735C91F25EA7900089A96 /* Sources */ = {
			isa = PBXSourcesBuildPhase;
			buildActionMask = 2147483647;
			files = (
				8639692D1F441E55001D4E63 /* CustomView.m in Sources */,
				8639692C1F441E50001D4E63 /* BannerViewController.m in Sources */,
				865735D51F25EA7900089A96 /* ViewController.m in Sources */,
				865735E01F25EA7A00089A96 /* main.m in Sources */,
				865735D21F25EA7900089A96 /* AppDelegate.m in Sources */,
			);
			runOnlyForDeploymentPostprocessing = 0;
		};
		865735E11F25EA7A00089A96 /* Sources */ = {
			isa = PBXSourcesBuildPhase;
			buildActionMask = 2147483647;
			files = (
				865735EA1F25EA7A00089A96 /* DemoTests.m in Sources */,
			);
			runOnlyForDeploymentPostprocessing = 0;
		};
		865735EC1F25EA7A00089A96 /* Sources */ = {
			isa = PBXSourcesBuildPhase;
			buildActionMask = 2147483647;
			files = (
				865735F51F25EA7A00089A96 /* DemoUITests.m in Sources */,
			);
			runOnlyForDeploymentPostprocessing = 0;
		};
/* End PBXSourcesBuildPhase section */

/* Begin PBXTargetDependency section */
		865735E71F25EA7A00089A96 /* PBXTargetDependency */ = {
			isa = PBXTargetDependency;
			target = 865735CC1F25EA7900089A96 /* Demo */;
			targetProxy = 865735E61F25EA7A00089A96 /* PBXContainerItemProxy */;
		};
		865735F21F25EA7A00089A96 /* PBXTargetDependency */ = {
			isa = PBXTargetDependency;
			target = 865735CC1F25EA7900089A96 /* Demo */;
			targetProxy = 865735F11F25EA7A00089A96 /* PBXContainerItemProxy */;
		};
/* End PBXTargetDependency section */

/* Begin PBXVariantGroup section */
		865735D61F25EA7900089A96 /* Main.storyboard */ = {
			isa = PBXVariantGroup;
			children = (
				865735D71F25EA7900089A96 /* Base */,
			);
			name = Main.storyboard;
			sourceTree = "<group>";
		};
		865735DB1F25EA7900089A96 /* LaunchScreen.storyboard */ = {
			isa = PBXVariantGroup;
			children = (
				865735DC1F25EA7900089A96 /* Base */,
			);
			name = LaunchScreen.storyboard;
			sourceTree = "<group>";
		};
/* End PBXVariantGroup section */

/* Begin XCBuildConfiguration section */
		865735F71F25EA7A00089A96 /* Debug */ = {
			isa = XCBuildConfiguration;
			buildSettings = {
				ALWAYS_SEARCH_USER_PATHS = NO;
				CLANG_ANALYZER_NONNULL = YES;
				CLANG_ANALYZER_NUMBER_OBJECT_CONVERSION = YES_AGGRESSIVE;
				CLANG_CXX_LANGUAGE_STANDARD = "gnu++14";
				CLANG_CXX_LIBRARY = "libc++";
				CLANG_ENABLE_MODULES = YES;
				CLANG_ENABLE_OBJC_ARC = YES;
				CLANG_WARN_BLOCK_CAPTURE_AUTORELEASING = YES;
				CLANG_WARN_BOOL_CONVERSION = YES;
				CLANG_WARN_COMMA = YES;
				CLANG_WARN_CONSTANT_CONVERSION = YES;
				CLANG_WARN_DIRECT_OBJC_ISA_USAGE = YES_ERROR;
				CLANG_WARN_DOCUMENTATION_COMMENTS = YES;
				CLANG_WARN_EMPTY_BODY = YES;
				CLANG_WARN_ENUM_CONVERSION = YES;
				CLANG_WARN_INFINITE_RECURSION = YES;
				CLANG_WARN_INT_CONVERSION = YES;
				CLANG_WARN_NON_LITERAL_NULL_CONVERSION = YES;
				CLANG_WARN_OBJC_LITERAL_CONVERSION = YES;
				CLANG_WARN_OBJC_ROOT_CLASS = YES_ERROR;
				CLANG_WARN_RANGE_LOOP_ANALYSIS = YES;
				CLANG_WARN_STRICT_PROTOTYPES = YES;
				CLANG_WARN_SUSPICIOUS_MOVE = YES;
				CLANG_WARN_UNGUARDED_AVAILABILITY = YES_AGGRESSIVE;
				CLANG_WARN_UNREACHABLE_CODE = YES;
				CLANG_WARN__DUPLICATE_METHOD_MATCH = YES;
				CODE_SIGN_IDENTITY = "iPhone Developer";
				COPY_PHASE_STRIP = NO;
				DEBUG_INFORMATION_FORMAT = dwarf;
				ENABLE_STRICT_OBJC_MSGSEND = YES;
				ENABLE_TESTABILITY = YES;
				GCC_C_LANGUAGE_STANDARD = gnu11;
				GCC_DYNAMIC_NO_PIC = NO;
				GCC_NO_COMMON_BLOCKS = YES;
				GCC_OPTIMIZATION_LEVEL = 0;
				GCC_PREPROCESSOR_DEFINITIONS = (
					"DEBUG=1",
					"$(inherited)",
				);
				GCC_WARN_64_TO_32_BIT_CONVERSION = YES;
				GCC_WARN_ABOUT_RETURN_TYPE = YES_ERROR;
				GCC_WARN_UNDECLARED_SELECTOR = YES;
				GCC_WARN_UNINITIALIZED_AUTOS = YES_AGGRESSIVE;
				GCC_WARN_UNUSED_FUNCTION = YES;
				GCC_WARN_UNUSED_VARIABLE = YES;
				IPHONEOS_DEPLOYMENT_TARGET = 11.0;
				MTL_ENABLE_DEBUG_INFO = YES;
				ONLY_ACTIVE_ARCH = YES;
				SDKROOT = iphoneos;
			};
			name = Debug;
		};
		865735F81F25EA7A00089A96 /* Release */ = {
			isa = XCBuildConfiguration;
			buildSettings = {
				ALWAYS_SEARCH_USER_PATHS = NO;
				CLANG_ANALYZER_NONNULL = YES;
				CLANG_ANALYZER_NUMBER_OBJECT_CONVERSION = YES_AGGRESSIVE;
				CLANG_CXX_LANGUAGE_STANDARD = "gnu++14";
				CLANG_CXX_LIBRARY = "libc++";
				CLANG_ENABLE_MODULES = YES;
				CLANG_ENABLE_OBJC_ARC = YES;
				CLANG_WARN_BLOCK_CAPTURE_AUTORELEASING = YES;
				CLANG_WARN_BOOL_CONVERSION = YES;
				CLANG_WARN_COMMA = YES;
				CLANG_WARN_CONSTANT_CONVERSION = YES;
				CLANG_WARN_DIRECT_OBJC_ISA_USAGE = YES_ERROR;
				CLANG_WARN_DOCUMENTATION_COMMENTS = YES;
				CLANG_WARN_EMPTY_BODY = YES;
				CLANG_WARN_ENUM_CONVERSION = YES;
				CLANG_WARN_INFINITE_RECURSION = YES;
				CLANG_WARN_INT_CONVERSION = YES;
				CLANG_WARN_NON_LITERAL_NULL_CONVERSION = YES;
				CLANG_WARN_OBJC_LITERAL_CONVERSION = YES;
				CLANG_WARN_OBJC_ROOT_CLASS = YES_ERROR;
				CLANG_WARN_RANGE_LOOP_ANALYSIS = YES;
				CLANG_WARN_STRICT_PROTOTYPES = YES;
				CLANG_WARN_SUSPICIOUS_MOVE = YES;
				CLANG_WARN_UNGUARDED_AVAILABILITY = YES_AGGRESSIVE;
				CLANG_WARN_UNREACHABLE_CODE = YES;
				CLANG_WARN__DUPLICATE_METHOD_MATCH = YES;
				CODE_SIGN_IDENTITY = "iPhone Developer";
				COPY_PHASE_STRIP = NO;
				DEBUG_INFORMATION_FORMAT = "dwarf-with-dsym";
				ENABLE_NS_ASSERTIONS = NO;
				ENABLE_STRICT_OBJC_MSGSEND = YES;
				GCC_C_LANGUAGE_STANDARD = gnu11;
				GCC_NO_COMMON_BLOCKS = YES;
				GCC_WARN_64_TO_32_BIT_CONVERSION = YES;
				GCC_WARN_ABOUT_RETURN_TYPE = YES_ERROR;
				GCC_WARN_UNDECLARED_SELECTOR = YES;
				GCC_WARN_UNINITIALIZED_AUTOS = YES_AGGRESSIVE;
				GCC_WARN_UNUSED_FUNCTION = YES;
				GCC_WARN_UNUSED_VARIABLE = YES;
				IPHONEOS_DEPLOYMENT_TARGET = 11.0;
				MTL_ENABLE_DEBUG_INFO = NO;
				SDKROOT = iphoneos;
				VALIDATE_PRODUCT = YES;
			};
			name = Release;
		};
		865735FA1F25EA7A00089A96 /* Debug */ = {
			isa = XCBuildConfiguration;
			baseConfigurationReference = 58B393CFC0B272C823AD1014 /* Pods-Demo.debug.xcconfig */;
			buildSettings = {
				ASSETCATALOG_COMPILER_APPICON_NAME = AppIcon;
				DEVELOPMENT_TEAM = 65MUSRJ8L7;
				INFOPLIST_FILE = Demo/Info.plist;
				IPHONEOS_DEPLOYMENT_TARGET = 8.0;
				LD_RUNPATH_SEARCH_PATHS = "$(inherited) @executable_path/Frameworks";
				PRODUCT_BUNDLE_IDENTIFIER = com.piggybear.Demo;
				PRODUCT_NAME = "$(TARGET_NAME)";
				TARGETED_DEVICE_FAMILY = "1,2";
			};
			name = Debug;
		};
		865735FB1F25EA7A00089A96 /* Release */ = {
			isa = XCBuildConfiguration;
			baseConfigurationReference = 553A53173E0CCF1F98670CE2 /* Pods-Demo.release.xcconfig */;
			buildSettings = {
				ASSETCATALOG_COMPILER_APPICON_NAME = AppIcon;
				DEVELOPMENT_TEAM = 65MUSRJ8L7;
				INFOPLIST_FILE = Demo/Info.plist;
				IPHONEOS_DEPLOYMENT_TARGET = 8.0;
				LD_RUNPATH_SEARCH_PATHS = "$(inherited) @executable_path/Frameworks";
				PRODUCT_BUNDLE_IDENTIFIER = com.piggybear.Demo;
				PRODUCT_NAME = "$(TARGET_NAME)";
				TARGETED_DEVICE_FAMILY = "1,2";
			};
			name = Release;
		};
		865735FD1F25EA7A00089A96 /* Debug */ = {
			isa = XCBuildConfiguration;
			buildSettings = {
				BUNDLE_LOADER = "$(TEST_HOST)";
				DEVELOPMENT_TEAM = 65MUSRJ8L7;
				INFOPLIST_FILE = DemoTests/Info.plist;
				LD_RUNPATH_SEARCH_PATHS = "$(inherited) @executable_path/Frameworks @loader_path/Frameworks";
				PRODUCT_BUNDLE_IDENTIFIER = com.piggybear.DemoTests;
				PRODUCT_NAME = "$(TARGET_NAME)";
				TARGETED_DEVICE_FAMILY = "1,2";
				TEST_HOST = "$(BUILT_PRODUCTS_DIR)/Demo.app/Demo";
			};
			name = Debug;
		};
		865735FE1F25EA7A00089A96 /* Release */ = {
			isa = XCBuildConfiguration;
			buildSettings = {
				BUNDLE_LOADER = "$(TEST_HOST)";
				DEVELOPMENT_TEAM = 65MUSRJ8L7;
				INFOPLIST_FILE = DemoTests/Info.plist;
				LD_RUNPATH_SEARCH_PATHS = "$(inherited) @executable_path/Frameworks @loader_path/Frameworks";
				PRODUCT_BUNDLE_IDENTIFIER = com.piggybear.DemoTests;
				PRODUCT_NAME = "$(TARGET_NAME)";
				TARGETED_DEVICE_FAMILY = "1,2";
				TEST_HOST = "$(BUILT_PRODUCTS_DIR)/Demo.app/Demo";
			};
			name = Release;
		};
		865736001F25EA7A00089A96 /* Debug */ = {
			isa = XCBuildConfiguration;
			buildSettings = {
				DEVELOPMENT_TEAM = 65MUSRJ8L7;
				INFOPLIST_FILE = DemoUITests/Info.plist;
				LD_RUNPATH_SEARCH_PATHS = "$(inherited) @executable_path/Frameworks @loader_path/Frameworks";
				PRODUCT_BUNDLE_IDENTIFIER = com.piggybear.DemoUITests;
				PRODUCT_NAME = "$(TARGET_NAME)";
				TARGETED_DEVICE_FAMILY = "1,2";
				TEST_TARGET_NAME = Demo;
			};
			name = Debug;
		};
		865736011F25EA7A00089A96 /* Release */ = {
			isa = XCBuildConfiguration;
			buildSettings = {
				DEVELOPMENT_TEAM = 65MUSRJ8L7;
				INFOPLIST_FILE = DemoUITests/Info.plist;
				LD_RUNPATH_SEARCH_PATHS = "$(inherited) @executable_path/Frameworks @loader_path/Frameworks";
				PRODUCT_BUNDLE_IDENTIFIER = com.piggybear.DemoUITests;
				PRODUCT_NAME = "$(TARGET_NAME)";
				TARGETED_DEVICE_FAMILY = "1,2";
				TEST_TARGET_NAME = Demo;
			};
			name = Release;
		};
/* End XCBuildConfiguration section */

/* Begin XCConfigurationList section */
		865735C81F25EA7900089A96 /* Build configuration list for PBXProject "Demo" */ = {
			isa = XCConfigurationList;
			buildConfigurations = (
				865735F71F25EA7A00089A96 /* Debug */,
				865735F81F25EA7A00089A96 /* Release */,
			);
			defaultConfigurationIsVisible = 0;
			defaultConfigurationName = Release;
		};
		865735F91F25EA7A00089A96 /* Build configuration list for PBXNativeTarget "Demo" */ = {
			isa = XCConfigurationList;
			buildConfigurations = (
				865735FA1F25EA7A00089A96 /* Debug */,
				865735FB1F25EA7A00089A96 /* Release */,
			);
			defaultConfigurationIsVisible = 0;
			defaultConfigurationName = Release;
		};
		865735FC1F25EA7A00089A96 /* Build configuration list for PBXNativeTarget "DemoTests" */ = {
			isa = XCConfigurationList;
			buildConfigurations = (
				865735FD1F25EA7A00089A96 /* Debug */,
				865735FE1F25EA7A00089A96 /* Release */,
			);
			defaultConfigurationIsVisible = 0;
			defaultConfigurationName = Release;
		};
		865735FF1F25EA7A00089A96 /* Build configuration list for PBXNativeTarget "DemoUITests" */ = {
			isa = XCConfigurationList;
			buildConfigurations = (
				865736001F25EA7A00089A96 /* Debug */,
				865736011F25EA7A00089A96 /* Release */,
			);
			defaultConfigurationIsVisible = 0;
			defaultConfigurationName = Release;
		};
/* End XCConfigurationList section */
	};
	rootObject = 865735C51F25EA7900089A96 /* Project object */;
}
